PODS:
  - Firebase/CoreOnly (5.12.0):
    - FirebaseCore (= 5.1.7)
  - Firebase/Database (5.12.0):
    - Firebase/CoreOnly
    - FirebaseDatabase (= 5.0.3)
  - Firebase/Storage (5.12.0):
    - Firebase/CoreOnly
    - FirebaseStorage (= 3.0.3)
  - FirebaseAuthInterop (1.0.0)
  - FirebaseCore (5.1.7):
    - GoogleUtilities/Logger (~> 5.2)
  - FirebaseDatabase (5.0.3):
    - FirebaseCore (~> 5.0)
    - leveldb-library (~> 1.18)
  - FirebaseStorage (3.0.3):
    - FirebaseAuthInterop (~> 1.0)
    - FirebaseCore (~> 5.1)
    - GTMSessionFetcher/Core (~> 1.1)
  - Floaty (4.1.0)
  - GoogleUtilities/Environment (5.3.6)
  - GoogleUtilities/Logger (5.3.6):
    - GoogleUtilities/Environment
  - GTMSessionFetcher/Core (1.2.0)
  - leveldb-library (1.20)

DEPENDENCIES:
  - Firebase/Database
  - Firebase/Storage
  - Floaty (~> 4.1.0)

SPEC REPOS:
  https://github.com/cocoapods/specs.git:
    - Firebase
    - FirebaseAuthInterop
    - FirebaseCore
    - FirebaseDatabase
    - FirebaseStorage
    - Floaty
    - GoogleUtilities
    - GTMSessionFetcher
    - leveldb-library

SPEC CHECKSUMS:
  Firebase: 9190018e296139d938b99521cde0c15a6e8d2946
  FirebaseAuthInterop: 0ffa57668be100582bb7643d4fcb7615496c41fc
  FirebaseCore: 027d350adc039aa5483357c6f56556f117c5170e
  FirebaseDatabase: e2bcbc106adc4b11a2da3ec2eb63c0c4a44f2f54
  FirebaseStorage: 3d22c041370593e639fba013d1eb698a8dae2881
  Floaty: 1a4e213f3512cf3045ef9cb0c1ff456226d1f66a
  GoogleUtilities: 95996bea7c7d9b8fb811b7507669a4a8762f80c7
  GTMSessionFetcher: 0c4baf0a73acd0041bf9f71ea018deedab5ea84e
  leveldb-library: 08cba283675b7ed2d99629a4bc5fd052cd2bb6a5

PODFILE CHECKSUM: e1b2cd06acfb13dbcdf3489cf9e88695fe4129d1

COCOAPODS: 1.5.3
